
Microsoft Visual Studio Solution File, Format Version 12.00
# Visual Studio Version 18
VisualStudioVersion = 18.2.11408.102
MinimumVisualStudioVersion = 10.0.40219.1
Project("{FAE04EC0-301F-11D3-BF4B-00C04F79EFBC}") = "MyConsoleApp", "MyConsoleApp.csproj", "{229F56FA-E69D-FF56-F9B2-C3C6BF4B0F91}"
EndProject
Project("{FAE04EC0-301F-11D3-BF4B-00C04F79EFBC}") = "ADO.NET", "ADO.NET\ADO.NET.csproj", "{96B2EB0A-27CD-4ABB-9C7A-3074B37214E0}"
EndProject
Project("{FAE04EC0-301F-11D3-BF4B-00C04F79EFBC}") = "CollectionsPrac", "CollectionsPrac\CollectionsPrac.csproj", "{4CFF0C8E-91EE-4D9F-A49D-7557A2E2C97C}"
EndProject
Global
	GlobalSection(SolutionConfigurationPlatforms) = preSolution
		Debug|Any CPU = Debug|Any CPU
		Debug|x64 = Debug|x64
		Debug|x86 = Debug|x86
		Release|Any CPU = Release|Any CPU
		Release|x64 = Release|x64
		Release|x86 = Release|x86
	EndGlobalSection
	GlobalSection(ProjectConfigurationPlatforms) = postSolution
		{229F56FA-E69D-FF56-F9B2-C3C6BF4B0F91}.Debug|Any CPU.ActiveCfg = Debug|Any CPU
		{229F56FA-E69D-FF56-F9B2-C3C6BF4B0F91}.Debug|Any CPU.Build.0 = Debug|Any CPU
		{229F56FA-E69D-FF56-F9B2-C3C6BF4B0F91}.Debug|x64.ActiveCfg = Debug|Any CPU
		{229F56FA-E69D-FF56-F9B2-C3C6BF4B0F91}.Debug|x64.Build.0 = Debug|Any CPU
		{229F56FA-E69D-FF56-F9B2-C3C6BF4B0F91}.Debug|x86.ActiveCfg = Debug|Any CPU
		{229F56FA-E69D-FF56-F9B2-C3C6BF4B0F91}.Debug|x86.Build.0 = Debug|Any CPU
		{229F56FA-E69D-FF56-F9B2-C3C6BF4B0F91}.Release|Any CPU.ActiveCfg = Release|Any CPU
		{229F56FA-E69D-FF56-F9B2-C3C6BF4B0F91}.Release|Any CPU.Build.0 = Release|Any CPU
		{229F56FA-E69D-FF56-F9B2-C3C6BF4B0F91}.Release|x64.ActiveCfg = Release|Any CPU
		{229F56FA-E69D-FF56-F9B2-C3C6BF4B0F91}.Release|x64.Build.0 = Release|Any CPU
		{229F56FA-E69D-FF56-F9B2-C3C6BF4B0F91}.Release|x86.ActiveCfg = Release|Any CPU
		{229F56FA-E69D-FF56-F9B2-C3C6BF4B0F91}.Release|x86.Build.0 = Release|Any CPU
		{96B2EB0A-27CD-4ABB-9C7A-3074B37214E0}.Debug|Any CPU.ActiveCfg = Debug|Any CPU
		{96B2EB0A-27CD-4ABB-9C7A-3074B37214E0}.Debug|Any CPU.Build.0 = Debug|Any CPU
		{96B2EB0A-27CD-4ABB-9C7A-3074B37214E0}.Debug|x64.ActiveCfg = Debug|Any CPU
		{96B2EB0A-27CD-4ABB-9C7A-3074B37214E0}.Debug|x64.Build.0 = Debug|Any CPU
		{96B2EB0A-27CD-4ABB-9C7A-3074B37214E0}.Debug|x86.ActiveCfg = Debug|Any CPU
		{96B2EB0A-27CD-4ABB-9C7A-3074B37214E0}.Debug|x86.Build.0 = Debug|Any CPU
		{96B2EB0A-27CD-4ABB-9C7A-3074B37214E0}.Release|Any CPU.ActiveCfg = Release|Any CPU
		{96B2EB0A-27CD-4ABB-9C7A-3074B37214E0}.Release|Any CPU.Build.0 = Release|Any CPU
		{96B2EB0A-27CD-4ABB-9C7A-3074B37214E0}.Release|x64.ActiveCfg = Release|Any CPU
		{96B2EB0A-27CD-4ABB-9C7A-3074B37214E0}.Release|x64.Build.0 = Release|Any CPU
		{96B2EB0A-27CD-4ABB-9C7A-3074B37214E0}.Release|x86.ActiveCfg = Release|Any CPU
		{96B2EB0A-27CD-4ABB-9C7A-3074B37214E0}.Release|x86.Build.0 = Release|Any CPU
		{4CFF0C8E-91EE-4D9F-A49D-7557A2E2C97C}.Debug|Any CPU.ActiveCfg = Debug|Any CPU
		{4CFF0C8E-91EE-4D9F-A49D-7557A2E2C97C}.Debug|Any CPU.Build.0 = Debug|Any CPU
		{4CFF0C8E-91EE-4D9F-A49D-7557A2E2C97C}.Debug|x64.ActiveCfg = Debug|Any CPU
		{4CFF0C8E-91EE-4D9F-A49D-7557A2E2C97C}.Debug|x64.Build.0 = Debug|Any CPU
		{4CFF0C8E-91EE-4D9F-A49D-7557A2E2C97C}.Debug|x86.ActiveCfg = Debug|Any CPU
		{4CFF0C8E-91EE-4D9F-A49D-7557A2E2C97C}.Debug|x86.Build.0 = Debug|Any CPU
		{4CFF0C8E-91EE-4D9F-A49D-7557A2E2C97C}.Release|Any CPU.ActiveCfg = Release|Any CPU
		{4CFF0C8E-91EE-4D9F-A49D-7557A2E2C97C}.Release|Any CPU.Build.0 = Release|Any CPU
		{4CFF0C8E-91EE-4D9F-A49D-7557A2E2C97C}.Release|x64.ActiveCfg = Release|Any CPU
		{4CFF0C8E-91EE-4D9F-A49D-7557A2E2C97C}.Release|x64.Build.0 = Release|Any CPU
		{4CFF0C8E-91EE-4D9F-A49D-7557A2E2C97C}.Release|x86.ActiveCfg = Release|Any CPU
		{4CFF0C8E-91EE-4D9F-A49D-7557A2E2C97C}.Release|x86.Build.0 = Release|Any CPU
	EndGlobalSection
	GlobalSection(SolutionProperties) = preSolution
		HideSolutionNode = FALSE
	EndGlobalSection
	GlobalSection(ExtensibilityGlobals) = postSolution
		SolutionGuid = {D5B557D2-F795-4348-B9E5-9AE601BA78AD}
	EndGlobalSection
EndGlobal
