
Microsoft Visual Studio Solution File, Format Version 12.00
# Visual Studio Version 17
VisualStudioVersion = 17.5.2.0
MinimumVisualStudioVersion = 10.0.40219.1
Project("{FAE04EC0-301F-11D3-BF4B-00C04F79EFBC}") = "MyConsoleApp", "MyConsoleApp.csproj", "{229F56FA-E69D-FF56-F9B2-C3C6BF4B0F91}"
EndProject
Project("{FAE04EC0-301F-11D3-BF4B-00C04F79EFBC}") = "Day01Basics", "Day01 Basics\Day01Basics.csproj", "{D1A1A1A1-B1B1-B1B1-B1B1-B1B1B1B1B1B1}"
EndProject
Project("{FAE04EC0-301F-11D3-BF4B-00C04F79EFBC}") = "Day02LoopsConditionals", "Day02 Loops & Conditionals\Day02LoopsConditionals.csproj", "{D2A2A2A2-B2B2-B2B2-B2B2-B2B2B2B2B2B2}"
EndProject
Project("{FAE04EC0-301F-11D3-BF4B-00C04F79EFBC}") = "Day03OOPS1", "Day03 OOPS 1\Day03OOPS1.csproj", "{D3A3A3A3-B3B3-B3B3-B3B3-B3B3B3B3B3B3}"
EndProject
Project("{FAE04EC0-301F-11D3-BF4B-00C04F79EFBC}") = "Day04OOPS2", "Day04 OOPS 2\Day04OOPS2.csproj", "{D4A4A4A4-B4B4-B4B4-B4B4-B4B4B4B4B4B4}"
EndProject
Project("{FAE04EC0-301F-11D3-BF4B-00C04F79EFBC}") = "Day05AbstractProjectReferences", "Day05 Abstract & Project References\Day05AbstractProjectReferences.csproj", "{D5A5A5A5-B5B5-B5B5-B5B5-B5B5B5B5B5B5}"
EndProject
Project("{FAE04EC0-301F-11D3-BF4B-00C04F79EFBC}") = "Day06InterfaceMultipleInheritance", "Day06 Interface & Multiple Inheritance\Day06InterfaceMultipleInheritance.csproj", "{D6A6A6A6-B6B6-B6B6-B6B6-B6B6B6B6B6B6}"
EndProject
Project("{FAE04EC0-301F-11D3-BF4B-00C04F79EFBC}") = "Day07Collections", "Day07 Collections\Day07Collections.csproj", "{D7A7A7A7-B7B7-B7B7-B7B7-B7B7B7B7B7B7}"
EndProject
Project("{FAE04EC0-301F-11D3-BF4B-00C04F79EFBC}") = "Day08PartialClassIndexersExtensionMethod", "Day08_PartialClass,Indexers&ExtensionMethod\Day08PartialClassIndexersExtensionMethod.csproj", "{D8A8A8A8-B8B8-B8B8-B8B8-B8B8B8B8B8B8}"
EndProject
Project("{FAE04EC0-301F-11D3-BF4B-00C04F79EFBC}") = "Day09RegExGarbageCollection", "Day09 RegEx & Garbage Collection\Day09RegExGarbageCollection.csproj", "{D9A9A9A9-B9B9-B9B9-B9B9-B9B9B9B9B9B9}"
EndProject
Project("{FAE04EC0-301F-11D3-BF4B-00C04F79EFBC}") = "Day10Serialization", "Day10 Serialization\Day10Serialization.csproj", "{E34A732B-8217-26E1-19FE-624BADFF3FC4}"
EndProject
Project("{FAE04EC0-301F-11D3-BF4B-00C04F79EFBC}") = "Day11Delegates", "Day11 Delegates\Day11Delegates.csproj", "{DBBBBBBB-BBBB-BBBB-BBBB-BBBBBBBBBBBB}"
EndProject
Project("{FAE04EC0-301F-11D3-BF4B-00C04F79EFBC}") = "Day12EnumCustomException", "Day12 Enum & CustomException\Day12EnumCustomException.csproj", "{396EC665-9B04-2A91-DE28-D5542D27A0BA}"
EndProject
Project("{FAE04EC0-301F-11D3-BF4B-00C04F79EFBC}") = "Day13LINQ", "Day13 LINQ\Day13LINQ.csproj", "{DDDDDDDD-BDBD-BDBD-BDBD-BDBDBDBDBDBD}"
EndProject
Project("{FAE04EC0-301F-11D3-BF4B-00C04F79EFBC}") = "Day14GenericsAndThreads", "Day14 GenericsAndThreads\Day14GenericsAndThreads.csproj", "{DEEEEEEE-BEBE-BEBE-BEBE-BEBEBEBEBEBE}"
EndProject
Project("{FAE04EC0-301F-11D3-BF4B-00C04F79EFBC}") = "Day15PractiseQuestions", "Day15_Practise_Questions\Day15PractiseQuestions.csproj", "{2201B520-B92C-FDF7-F7E5-9914CD5BEF99}"
EndProject
Project("{FAE04EC0-301F-11D3-BF4B-00C04F79EFBC}") = "Day16Practise", "Day16_Practise\Day16Practise.csproj", "{E1111111-C1C1-C1C1-C1C1-C1C1C1C1C1C1}"
EndProject
Project("{FAE04EC0-301F-11D3-BF4B-00C04F79EFBC}") = "Day17M1Prac", "Day17_M1Prac\Day17M1Prac.csproj", "{E2222222-C2C2-C2C2-C2C2-C2C2C2C2C2C2}"
EndProject
Project("{2150E333-8FDC-42A3-9474-1A3956D46DE8}") = "Day18_Unit_Testing", "Day18_Unit_Testing", "{1C2F5DEA-DBCE-59B4-CC25-DF1968A88792}"
EndProject
Project("{FAE04EC0-301F-11D3-BF4B-00C04F79EFBC}") = "EmployeeApp.Core", "Day18_Unit_Testing\EmployeeApp.Core\EmployeeApp.Core.csproj", "{C6B51B5D-5540-4908-B7ED-755F22167773}"
EndProject
Project("{FAE04EC0-301F-11D3-BF4B-00C04F79EFBC}") = "EmployeeApp.Tests", "Day18_Unit_Testing\EmployeeApp.Tests\EmployeeApp.Tests.csproj", "{EA62A169-2BF5-40FA-825C-65D34A09B82E}"
EndProject
Project("{2150E333-8FDC-42A3-9474-1A3956D46DE8}") = "Mock", "Mock", "{88674C6D-6EEA-630F-0369-81CE1079CC82}"
EndProject
Project("{FAE04EC0-301F-11D3-BF4B-00C04F79EFBC}") = "MockProject", "Mock\MockProject\MockProject.csproj", "{F803A253-8B69-4056-B9F8-5C2142AE2E59}"
EndProject
Project("{FAE04EC0-301F-11D3-BF4B-00C04F79EFBC}") = "Day21-ExceptionHandlingPrac", "Day21-ExceptionHandlingPrac\Day21-ExceptionHandlingPrac.csproj", "{C493A239-30A8-43AE-9540-1B9E1C52255C}"
EndProject
Project("{2150E333-8FDC-42A3-9474-1A3956D46DE8}") = "PractiseQues", "PractiseQues", "{3B00D070-00CF-FB88-A2DB-5F25B522551B}"
EndProject
Project("{2150E333-8FDC-42A3-9474-1A3956D46DE8}") = "Strings", "Strings", "{CE87172C-8BE4-4519-8FDA-836FB18AB638}"
EndProject
Project("{FAE04EC0-301F-11D3-BF4B-00C04F79EFBC}") = "FlipKey", "PractiseQues\Strings\FlipKey.csproj", "{BABD7647-12B4-44E0-AB35-54C81E02D1B4}"
EndProject
Project("{FAE04EC0-301F-11D3-BF4B-00C04F79EFBC}") = "M1_Assessment", "PractiseQues\M1_Assessment\M1_Assessment.csproj", "{5A3A8757-87FA-4AE7-A26D-63268E6D6FA3}"
EndProject
Project("{FAE04EC0-301F-11D3-BF4B-00C04F79EFBC}") = "Interface", "PractiseQues\Interface\Interface.csproj", "{30303174-68D6-4924-8CD8-AB2A17DEC194}"
EndProject
Project("{FAE04EC0-301F-11D3-BF4B-00C04F79EFBC}") = "Collections", "PractiseQues\Collections\Collections.csproj", "{CBB743A7-77C8-411E-9605-0D71A3E30700}"
EndProject
Project("{2150E333-8FDC-42A3-9474-1A3956D46DE8}") = "4RestaurantMenuManagement", "4RestaurantMenuManagement", "{5D9D2E24-21F3-F4CA-1451-953E5CE9F08D}"
EndProject
Project("{FAE04EC0-301F-11D3-BF4B-00C04F79EFBC}") = "RestaurantMenuManagement", "PractiseQues\4RestaurantMenuManagement\RestaurantMenuManagement.csproj", "{0CC19231-5E8A-4ED4-BFDB-EE496B8AA1E2}"
EndProject
Project("{2150E333-8FDC-42A3-9474-1A3956D46DE8}") = "3EmployeeManagementSystem", "3EmployeeManagementSystem", "{9EE50110-40E4-4172-A90F-CFDCF02DF66D}"
EndProject
Project("{FAE04EC0-301F-11D3-BF4B-00C04F79EFBC}") = "EmployeeManagementSystem", "PractiseQues\3EmployeeManagementSystem\EmployeeManagementSystem.csproj", "{5FD7BA6B-E575-4C60-AEBD-AE13D088947D}"
EndProject
Project("{2150E333-8FDC-42A3-9474-1A3956D46DE8}") = "2HotelRoomBooking", "2HotelRoomBooking", "{5496C771-B3DC-F9E1-B0C7-A40D7FEF5D5C}"
EndProject
Project("{FAE04EC0-301F-11D3-BF4B-00C04F79EFBC}") = "HRB", "PractiseQues\2HotelRoomBooking\HRB.csproj", "{A85F07C8-2531-43D0-BDDA-893DD49D75CD}"
EndProject
Project("{2150E333-8FDC-42A3-9474-1A3956D46DE8}") = "1LMS", "1LMS", "{722BEA50-DADE-85F8-F80C-EF069D625C4F}"
EndProject
Project("{FAE04EC0-301F-11D3-BF4B-00C04F79EFBC}") = "SBQues", "PractiseQues\1LMS\SBQues.csproj", "{E680718E-B1CB-46DF-99F2-7A589C925B47}"
EndProject
Project("{2150E333-8FDC-42A3-9474-1A3956D46DE8}") = "5E-commerceProductCatalog", "5E-commerceProductCatalog", "{565B8EDB-B7F7-9B84-21A0-7A46746FDEEC}"
EndProject
Project("{FAE04EC0-301F-11D3-BF4B-00C04F79EFBC}") = "E-commerceProductCatalog", "PractiseQues\5E-commerceProductCatalog\E-commerceProductCatalog.csproj", "{9E804098-A515-43FE-B11E-757F2FD6FCC8}"
EndProject
Project("{FAE04EC0-301F-11D3-BF4B-00C04F79EFBC}") = "6StudentGradeManagement", "PractiseQues\6StudentGradeManagement\6StudentGradeManagement.csproj", "{351B8425-0126-456D-BA9B-50CE838F37A9}"
EndProject
Project("{FAE04EC0-301F-11D3-BF4B-00C04F79EFBC}") = "7MovieTheaterBooking", "PractiseQues\7MovieTheaterBooking\7MovieTheaterBooking.csproj", "{2F8AE534-1AAB-4C7B-9348-3525BBB09394}"
EndProject
Project("{FAE04EC0-301F-11D3-BF4B-00C04F79EFBC}") = "8GymMembershipManagement", "PractiseQues\8GymMembershipManagement\8GymMembershipManagement.csproj", "{B40DE285-2EB8-08C3-4F30-AB065FC42C03}"
EndProject
Project("{FAE04EC0-301F-11D3-BF4B-00C04F79EFBC}") = "9CarRentalAgency", "PractiseQues\9CarRentalAgency\9CarRentalAgency.csproj", "{1370663D-3E88-D175-797B-75C348FFB8D1}"
EndProject
Project("{FAE04EC0-301F-11D3-BF4B-00C04F79EFBC}") = "10HospitalPatientManagement", "PractiseQues\10HospitalPatientManagement\10HospitalPatientManagement.csproj", "{EDCF7979-1528-2FCC-AA8A-E857442AEB80}"
EndProject
Project("{FAE04EC0-301F-11D3-BF4B-00C04F79EFBC}") = "11OnlineFoodDelivery", "PractiseQues\11OnlineFoodDelivery\11OnlineFoodDelivery.csproj", "{35AC0B8C-DDEC-FF31-CA8A-DA0B63A7D7BC}"
EndProject
Project("{FAE04EC0-301F-11D3-BF4B-00C04F79EFBC}") = "12MusicStreamingService", "PractiseQues\12MusicStreamingService\12MusicStreamingService.csproj", "{D6C59845-9484-B4CB-8954-3407C906788F}"
EndProject
Project("{FAE04EC0-301F-11D3-BF4B-00C04F79EFBC}") = "13BankAccountManagement", "PractiseQues\13BankAccountManagement\13BankAccountManagement.csproj", "{A67EFC8F-9B76-37C7-D66C-5B17695A0E7C}"
EndProject
Project("{FAE04EC0-301F-11D3-BF4B-00C04F79EFBC}") = "14FlightBookingSystem", "PractiseQues\14FlightBookingSystem\14FlightBookingSystem.csproj", "{2AEFDF2D-DC7D-4F80-D473-41FD860B8E71}"
EndProject
Project("{FAE04EC0-301F-11D3-BF4B-00C04F79EFBC}") = "15TaskManagementSystem", "PractiseQues\15TaskManagementSystem\15TaskManagementSystem.csproj", "{2EB9065C-68DC-5ABB-F1B4-98B9FDB6E330}"
EndProject
Project("{FAE04EC0-301F-11D3-BF4B-00C04F79EFBC}") = "16ELearningPlatform", "PractiseQues\16 E-Learning Platform\16ELearningPlatform.csproj", "{16000002-0000-0000-0000-000000000001}"
EndProject
Project("{FAE04EC0-301F-11D3-BF4B-00C04F79EFBC}") = "17InventoryStockManagement", "PractiseQues\17 Inventory Stock Management\17InventoryStockManagement.csproj", "{17000002-0000-0000-0000-000000000001}"
EndProject
Project("{FAE04EC0-301F-11D3-BF4B-00C04F79EFBC}") = "18EventManagementSystem", "PractiseQues\18 Event Management System\18EventManagementSystem.csproj", "{18000002-0000-0000-0000-000000000001}"
EndProject
Project("{FAE04EC0-301F-11D3-BF4B-00C04F79EFBC}") = "19CourierDeliveryTracking", "PractiseQues\19 Courier Delivery Tracking\19CourierDeliveryTracking.csproj", "{19000002-0000-0000-0000-000000000001}"
EndProject
Project("{FAE04EC0-301F-11D3-BF4B-00C04F79EFBC}") = "20RealEstatePropertyManagement", "PractiseQues\20 Real Estate Property Management\20RealEstatePropertyManagement.csproj", "{20000002-0000-0000-0000-000000000001}"
EndProject
Project("{FAE04EC0-301F-11D3-BF4B-00C04F79EFBC}") = "21SocialMediaPostManagement", "PractiseQues\21 Social Media Post Management\21SocialMediaPostManagement.csproj", "{21000002-0000-0000-0000-000000000001}"
EndProject
Project("{2150E333-8FDC-42A3-9474-1A3956D46DE8}") = "Day22-UseCasePractice", "Day22-UseCasePractice", "{11FA24F5-127C-1CB9-FBBC-3C64D01D6A42}"
EndProject
Project("{FAE04EC0-301F-11D3-BF4B-00C04F79EFBC}") = "GymStream", "Day22-UseCasePractice\GymStream\GymStream.csproj", "{FE245F8E-5243-41BC-BC95-BC016A6D77FD}"
EndProject
Global
	GlobalSection(SolutionConfigurationPlatforms) = preSolution
		Debug|Any CPU = Debug|Any CPU
		Debug|x64 = Debug|x64
		Debug|x86 = Debug|x86
		Release|Any CPU = Release|Any CPU
		Release|x64 = Release|x64
		Release|x86 = Release|x86
	EndGlobalSection
	GlobalSection(ProjectConfigurationPlatforms) = postSolution
		{229F56FA-E69D-FF56-F9B2-C3C6BF4B0F91}.Debug|Any CPU.ActiveCfg = Debug|Any CPU
		{229F56FA-E69D-FF56-F9B2-C3C6BF4B0F91}.Debug|Any CPU.Build.0 = Debug|Any CPU
		{229F56FA-E69D-FF56-F9B2-C3C6BF4B0F91}.Debug|x64.ActiveCfg = Debug|Any CPU
		{229F56FA-E69D-FF56-F9B2-C3C6BF4B0F91}.Debug|x64.Build.0 = Debug|Any CPU
		{229F56FA-E69D-FF56-F9B2-C3C6BF4B0F91}.Debug|x86.ActiveCfg = Debug|Any CPU
		{229F56FA-E69D-FF56-F9B2-C3C6BF4B0F91}.Debug|x86.Build.0 = Debug|Any CPU
		{229F56FA-E69D-FF56-F9B2-C3C6BF4B0F91}.Release|Any CPU.ActiveCfg = Release|Any CPU
		{229F56FA-E69D-FF56-F9B2-C3C6BF4B0F91}.Release|Any CPU.Build.0 = Release|Any CPU
		{229F56FA-E69D-FF56-F9B2-C3C6BF4B0F91}.Release|x64.ActiveCfg = Release|Any CPU
		{229F56FA-E69D-FF56-F9B2-C3C6BF4B0F91}.Release|x64.Build.0 = Release|Any CPU
		{229F56FA-E69D-FF56-F9B2-C3C6BF4B0F91}.Release|x86.ActiveCfg = Release|Any CPU
		{229F56FA-E69D-FF56-F9B2-C3C6BF4B0F91}.Release|x86.Build.0 = Release|Any CPU
		{D1A1A1A1-B1B1-B1B1-B1B1-B1B1B1B1B1B1}.Debug|Any CPU.ActiveCfg = Debug|Any CPU
		{D1A1A1A1-B1B1-B1B1-B1B1-B1B1B1B1B1B1}.Debug|Any CPU.Build.0 = Debug|Any CPU
		{D1A1A1A1-B1B1-B1B1-B1B1-B1B1B1B1B1B1}.Debug|x64.ActiveCfg = Debug|Any CPU
		{D1A1A1A1-B1B1-B1B1-B1B1-B1B1B1B1B1B1}.Debug|x64.Build.0 = Debug|Any CPU
		{D1A1A1A1-B1B1-B1B1-B1B1-B1B1B1B1B1B1}.Debug|x86.ActiveCfg = Debug|Any CPU
		{D1A1A1A1-B1B1-B1B1-B1B1-B1B1B1B1B1B1}.Debug|x86.Build.0 = Debug|Any CPU
		{D1A1A1A1-B1B1-B1B1-B1B1-B1B1B1B1B1B1}.Release|Any CPU.ActiveCfg = Release|Any CPU
		{D1A1A1A1-B1B1-B1B1-B1B1-B1B1B1B1B1B1}.Release|Any CPU.Build.0 = Release|Any CPU
		{D1A1A1A1-B1B1-B1B1-B1B1-B1B1B1B1B1B1}.Release|x64.ActiveCfg = Release|Any CPU
		{D1A1A1A1-B1B1-B1B1-B1B1-B1B1B1B1B1B1}.Release|x64.Build.0 = Release|Any CPU
		{D1A1A1A1-B1B1-B1B1-B1B1-B1B1B1B1B1B1}.Release|x86.ActiveCfg = Release|Any CPU
		{D1A1A1A1-B1B1-B1B1-B1B1-B1B1B1B1B1B1}.Release|x86.Build.0 = Release|Any CPU
		{D2A2A2A2-B2B2-B2B2-B2B2-B2B2B2B2B2B2}.Debug|Any CPU.ActiveCfg = Debug|Any CPU
		{D2A2A2A2-B2B2-B2B2-B2B2-B2B2B2B2B2B2}.Debug|Any CPU.Build.0 = Debug|Any CPU
		{D2A2A2A2-B2B2-B2B2-B2B2-B2B2B2B2B2B2}.Debug|x64.ActiveCfg = Debug|Any CPU
		{D2A2A2A2-B2B2-B2B2-B2B2-B2B2B2B2B2B2}.Debug|x64.Build.0 = Debug|Any CPU
		{D2A2A2A2-B2B2-B2B2-B2B2-B2B2B2B2B2B2}.Debug|x86.ActiveCfg = Debug|Any CPU
		{D2A2A2A2-B2B2-B2B2-B2B2-B2B2B2B2B2B2}.Debug|x86.Build.0 = Debug|Any CPU
		{D2A2A2A2-B2B2-B2B2-B2B2-B2B2B2B2B2B2}.Release|Any CPU.ActiveCfg = Release|Any CPU
		{D2A2A2A2-B2B2-B2B2-B2B2-B2B2B2B2B2B2}.Release|Any CPU.Build.0 = Release|Any CPU
		{D2A2A2A2-B2B2-B2B2-B2B2-B2B2B2B2B2B2}.Release|x64.ActiveCfg = Release|Any CPU
		{D2A2A2A2-B2B2-B2B2-B2B2-B2B2B2B2B2B2}.Release|x64.Build.0 = Release|Any CPU
		{D2A2A2A2-B2B2-B2B2-B2B2-B2B2B2B2B2B2}.Release|x86.ActiveCfg = Release|Any CPU
		{D2A2A2A2-B2B2-B2B2-B2B2-B2B2B2B2B2B2}.Release|x86.Build.0 = Release|Any CPU
		{D3A3A3A3-B3B3-B3B3-B3B3-B3B3B3B3B3B3}.Debug|Any CPU.ActiveCfg = Debug|Any CPU
		{D3A3A3A3-B3B3-B3B3-B3B3-B3B3B3B3B3B3}.Debug|Any CPU.Build.0 = Debug|Any CPU
		{D3A3A3A3-B3B3-B3B3-B3B3-B3B3B3B3B3B3}.Debug|x64.ActiveCfg = Debug|Any CPU
		{D3A3A3A3-B3B3-B3B3-B3B3-B3B3B3B3B3B3}.Debug|x64.Build.0 = Debug|Any CPU
		{D3A3A3A3-B3B3-B3B3-B3B3-B3B3B3B3B3B3}.Debug|x86.ActiveCfg = Debug|Any CPU
		{D3A3A3A3-B3B3-B3B3-B3B3-B3B3B3B3B3B3}.Debug|x86.Build.0 = Debug|Any CPU
		{D3A3A3A3-B3B3-B3B3-B3B3-B3B3B3B3B3B3}.Release|Any CPU.ActiveCfg = Release|Any CPU
		{D3A3A3A3-B3B3-B3B3-B3B3-B3B3B3B3B3B3}.Release|Any CPU.Build.0 = Release|Any CPU
		{D3A3A3A3-B3B3-B3B3-B3B3-B3B3B3B3B3B3}.Release|x64.ActiveCfg = Release|Any CPU
		{D3A3A3A3-B3B3-B3B3-B3B3-B3B3B3B3B3B3}.Release|x64.Build.0 = Release|Any CPU
		{D3A3A3A3-B3B3-B3B3-B3B3-B3B3B3B3B3B3}.Release|x86.ActiveCfg = Release|Any CPU
		{D3A3A3A3-B3B3-B3B3-B3B3-B3B3B3B3B3B3}.Release|x86.Build.0 = Release|Any CPU
		{D4A4A4A4-B4B4-B4B4-B4B4-B4B4B4B4B4B4}.Debug|Any CPU.ActiveCfg = Debug|Any CPU
		{D4A4A4A4-B4B4-B4B4-B4B4-B4B4B4B4B4B4}.Debug|Any CPU.Build.0 = Debug|Any CPU
		{D4A4A4A4-B4B4-B4B4-B4B4-B4B4B4B4B4B4}.Debug|x64.ActiveCfg = Debug|Any CPU
		{D4A4A4A4-B4B4-B4B4-B4B4-B4B4B4B4B4B4}.Debug|x64.Build.0 = Debug|Any CPU
		{D4A4A4A4-B4B4-B4B4-B4B4-B4B4B4B4B4B4}.Debug|x86.ActiveCfg = Debug|Any CPU
		{D4A4A4A4-B4B4-B4B4-B4B4-B4B4B4B4B4B4}.Debug|x86.Build.0 = Debug|Any CPU
		{D4A4A4A4-B4B4-B4B4-B4B4-B4B4B4B4B4B4}.Release|Any CPU.ActiveCfg = Release|Any CPU
		{D4A4A4A4-B4B4-B4B4-B4B4-B4B4B4B4B4B4}.Release|Any CPU.Build.0 = Release|Any CPU
		{D4A4A4A4-B4B4-B4B4-B4B4-B4B4B4B4B4B4}.Release|x64.ActiveCfg = Release|Any CPU
		{D4A4A4A4-B4B4-B4B4-B4B4-B4B4B4B4B4B4}.Release|x64.Build.0 = Release|Any CPU
		{D4A4A4A4-B4B4-B4B4-B4B4-B4B4B4B4B4B4}.Release|x86.ActiveCfg = Release|Any CPU
		{D4A4A4A4-B4B4-B4B4-B4B4-B4B4B4B4B4B4}.Release|x86.Build.0 = Release|Any CPU
		{D5A5A5A5-B5B5-B5B5-B5B5-B5B5B5B5B5B5}.Debug|Any CPU.ActiveCfg = Debug|Any CPU
		{D5A5A5A5-B5B5-B5B5-B5B5-B5B5B5B5B5B5}.Debug|Any CPU.Build.0 = Debug|Any CPU
		{D5A5A5A5-B5B5-B5B5-B5B5-B5B5B5B5B5B5}.Debug|x64.ActiveCfg = Debug|Any CPU
		{D5A5A5A5-B5B5-B5B5-B5B5-B5B5B5B5B5B5}.Debug|x64.Build.0 = Debug|Any CPU
		{D5A5A5A5-B5B5-B5B5-B5B5-B5B5B5B5B5B5}.Debug|x86.ActiveCfg = Debug|Any CPU
		{D5A5A5A5-B5B5-B5B5-B5B5-B5B5B5B5B5B5}.Debug|x86.Build.0 = Debug|Any CPU
		{D5A5A5A5-B5B5-B5B5-B5B5-B5B5B5B5B5B5}.Release|Any CPU.ActiveCfg = Release|Any CPU
		{D5A5A5A5-B5B5-B5B5-B5B5-B5B5B5B5B5B5}.Release|Any CPU.Build.0 = Release|Any CPU
		{D5A5A5A5-B5B5-B5B5-B5B5-B5B5B5B5B5B5}.Release|x64.ActiveCfg = Release|Any CPU
		{D5A5A5A5-B5B5-B5B5-B5B5-B5B5B5B5B5B5}.Release|x64.Build.0 = Release|Any CPU
		{D5A5A5A5-B5B5-B5B5-B5B5-B5B5B5B5B5B5}.Release|x86.ActiveCfg = Release|Any CPU
		{D5A5A5A5-B5B5-B5B5-B5B5-B5B5B5B5B5B5}.Release|x86.Build.0 = Release|Any CPU
		{D6A6A6A6-B6B6-B6B6-B6B6-B6B6B6B6B6B6}.Debug|Any CPU.ActiveCfg = Debug|Any CPU
		{D6A6A6A6-B6B6-B6B6-B6B6-B6B6B6B6B6B6}.Debug|Any CPU.Build.0 = Debug|Any CPU
		{D6A6A6A6-B6B6-B6B6-B6B6-B6B6B6B6B6B6}.Debug|x64.ActiveCfg = Debug|Any CPU
		{D6A6A6A6-B6B6-B6B6-B6B6-B6B6B6B6B6B6}.Debug|x64.Build.0 = Debug|Any CPU
		{D6A6A6A6-B6B6-B6B6-B6B6-B6B6B6B6B6B6}.Debug|x86.ActiveCfg = Debug|Any CPU
		{D6A6A6A6-B6B6-B6B6-B6B6-B6B6B6B6B6B6}.Debug|x86.Build.0 = Debug|Any CPU
		{D6A6A6A6-B6B6-B6B6-B6B6-B6B6B6B6B6B6}.Release|Any CPU.ActiveCfg = Release|Any CPU
		{D6A6A6A6-B6B6-B6B6-B6B6-B6B6B6B6B6B6}.Release|Any CPU.Build.0 = Release|Any CPU
		{D6A6A6A6-B6B6-B6B6-B6B6-B6B6B6B6B6B6}.Release|x64.ActiveCfg = Release|Any CPU
		{D6A6A6A6-B6B6-B6B6-B6B6-B6B6B6B6B6B6}.Release|x64.Build.0 = Release|Any CPU
		{D6A6A6A6-B6B6-B6B6-B6B6-B6B6B6B6B6B6}.Release|x86.ActiveCfg = Release|Any CPU
		{D6A6A6A6-B6B6-B6B6-B6B6-B6B6B6B6B6B6}.Release|x86.Build.0 = Release|Any CPU
		{D7A7A7A7-B7B7-B7B7-B7B7-B7B7B7B7B7B7}.Debug|Any CPU.ActiveCfg = Debug|Any CPU
		{D7A7A7A7-B7B7-B7B7-B7B7-B7B7B7B7B7B7}.Debug|Any CPU.Build.0 = Debug|Any CPU
		{D7A7A7A7-B7B7-B7B7-B7B7-B7B7B7B7B7B7}.Debug|x64.ActiveCfg = Debug|Any CPU
		{D7A7A7A7-B7B7-B7B7-B7B7-B7B7B7B7B7B7}.Debug|x64.Build.0 = Debug|Any CPU
		{D7A7A7A7-B7B7-B7B7-B7B7-B7B7B7B7B7B7}.Debug|x86.ActiveCfg = Debug|Any CPU
		{D7A7A7A7-B7B7-B7B7-B7B7-B7B7B7B7B7B7}.Debug|x86.Build.0 = Debug|Any CPU
		{D7A7A7A7-B7B7-B7B7-B7B7-B7B7B7B7B7B7}.Release|Any CPU.ActiveCfg = Release|Any CPU
		{D7A7A7A7-B7B7-B7B7-B7B7-B7B7B7B7B7B7}.Release|Any CPU.Build.0 = Release|Any CPU
		{D7A7A7A7-B7B7-B7B7-B7B7-B7B7B7B7B7B7}.Release|x64.ActiveCfg = Release|Any CPU
		{D7A7A7A7-B7B7-B7B7-B7B7-B7B7B7B7B7B7}.Release|x64.Build.0 = Release|Any CPU
		{D7A7A7A7-B7B7-B7B7-B7B7-B7B7B7B7B7B7}.Release|x86.ActiveCfg = Release|Any CPU
		{D7A7A7A7-B7B7-B7B7-B7B7-B7B7B7B7B7B7}.Release|x86.Build.0 = Release|Any CPU
		{D8A8A8A8-B8B8-B8B8-B8B8-B8B8B8B8B8B8}.Debug|Any CPU.ActiveCfg = Debug|Any CPU
		{D8A8A8A8-B8B8-B8B8-B8B8-B8B8B8B8B8B8}.Debug|Any CPU.Build.0 = Debug|Any CPU
		{D8A8A8A8-B8B8-B8B8-B8B8-B8B8B8B8B8B8}.Debug|x64.ActiveCfg = Debug|Any CPU
		{D8A8A8A8-B8B8-B8B8-B8B8-B8B8B8B8B8B8}.Debug|x64.Build.0 = Debug|Any CPU
		{D8A8A8A8-B8B8-B8B8-B8B8-B8B8B8B8B8B8}.Debug|x86.ActiveCfg = Debug|Any CPU
		{D8A8A8A8-B8B8-B8B8-B8B8-B8B8B8B8B8B8}.Debug|x86.Build.0 = Debug|Any CPU
		{D8A8A8A8-B8B8-B8B8-B8B8-B8B8B8B8B8B8}.Release|Any CPU.ActiveCfg = Release|Any CPU
		{D8A8A8A8-B8B8-B8B8-B8B8-B8B8B8B8B8B8}.Release|Any CPU.Build.0 = Release|Any CPU
		{D8A8A8A8-B8B8-B8B8-B8B8-B8B8B8B8B8B8}.Release|x64.ActiveCfg = Release|Any CPU
		{D8A8A8A8-B8B8-B8B8-B8B8-B8B8B8B8B8B8}.Release|x64.Build.0 = Release|Any CPU
		{D8A8A8A8-B8B8-B8B8-B8B8-B8B8B8B8B8B8}.Release|x86.ActiveCfg = Release|Any CPU
		{D8A8A8A8-B8B8-B8B8-B8B8-B8B8B8B8B8B8}.Release|x86.Build.0 = Release|Any CPU
		{D9A9A9A9-B9B9-B9B9-B9B9-B9B9B9B9B9B9}.Debug|Any CPU.ActiveCfg = Debug|Any CPU
		{D9A9A9A9-B9B9-B9B9-B9B9-B9B9B9B9B9B9}.Debug|Any CPU.Build.0 = Debug|Any CPU
		{D9A9A9A9-B9B9-B9B9-B9B9-B9B9B9B9B9B9}.Debug|x64.ActiveCfg = Debug|Any CPU
		{D9A9A9A9-B9B9-B9B9-B9B9-B9B9B9B9B9B9}.Debug|x64.Build.0 = Debug|Any CPU
		{D9A9A9A9-B9B9-B9B9-B9B9-B9B9B9B9B9B9}.Debug|x86.ActiveCfg = Debug|Any CPU
		{D9A9A9A9-B9B9-B9B9-B9B9-B9B9B9B9B9B9}.Debug|x86.Build.0 = Debug|Any CPU
		{D9A9A9A9-B9B9-B9B9-B9B9-B9B9B9B9B9B9}.Release|Any CPU.ActiveCfg = Release|Any CPU
		{D9A9A9A9-B9B9-B9B9-B9B9-B9B9B9B9B9B9}.Release|Any CPU.Build.0 = Release|Any CPU
		{D9A9A9A9-B9B9-B9B9-B9B9-B9B9B9B9B9B9}.Release|x64.ActiveCfg = Release|Any CPU
		{D9A9A9A9-B9B9-B9B9-B9B9-B9B9B9B9B9B9}.Release|x64.Build.0 = Release|Any CPU
		{D9A9A9A9-B9B9-B9B9-B9B9-B9B9B9B9B9B9}.Release|x86.ActiveCfg = Release|Any CPU
		{D9A9A9A9-B9B9-B9B9-B9B9-B9B9B9B9B9B9}.Release|x86.Build.0 = Release|Any CPU
		{E34A732B-8217-26E1-19FE-624BADFF3FC4}.Debug|x64.ActiveCfg = Debug|Any CPU
		{E34A732B-8217-26E1-19FE-624BADFF3FC4}.Debug|x64.Build.0 = Debug|Any CPU
		{E34A732B-8217-26E1-19FE-624BADFF3FC4}.Debug|x86.ActiveCfg = Debug|Any CPU
		{E34A732B-8217-26E1-19FE-624BADFF3FC4}.Debug|x86.Build.0 = Debug|Any CPU
		{E34A732B-8217-26E1-19FE-624BADFF3FC4}.Release|x64.ActiveCfg = Release|Any CPU
		{E34A732B-8217-26E1-19FE-624BADFF3FC4}.Release|x64.Build.0 = Release|Any CPU
		{E34A732B-8217-26E1-19FE-624BADFF3FC4}.Release|x86.ActiveCfg = Release|Any CPU
		{E34A732B-8217-26E1-19FE-624BADFF3FC4}.Release|x86.Build.0 = Release|Any CPU
		{DBBBBBBB-BBBB-BBBB-BBBB-BBBBBBBBBBBB}.Debug|Any CPU.ActiveCfg = Debug|Any CPU
		{DBBBBBBB-BBBB-BBBB-BBBB-BBBBBBBBBBBB}.Debug|Any CPU.Build.0 = Debug|Any CPU
		{DBBBBBBB-BBBB-BBBB-BBBB-BBBBBBBBBBBB}.Debug|x64.ActiveCfg = Debug|Any CPU
		{DBBBBBBB-BBBB-BBBB-BBBB-BBBBBBBBBBBB}.Debug|x64.Build.0 = Debug|Any CPU
		{DBBBBBBB-BBBB-BBBB-BBBB-BBBBBBBBBBBB}.Debug|x86.ActiveCfg = Debug|Any CPU
		{DBBBBBBB-BBBB-BBBB-BBBB-BBBBBBBBBBBB}.Debug|x86.Build.0 = Debug|Any CPU
		{DBBBBBBB-BBBB-BBBB-BBBB-BBBBBBBBBBBB}.Release|Any CPU.ActiveCfg = Release|Any CPU
		{DBBBBBBB-BBBB-BBBB-BBBB-BBBBBBBBBBBB}.Release|Any CPU.Build.0 = Release|Any CPU
		{DBBBBBBB-BBBB-BBBB-BBBB-BBBBBBBBBBBB}.Release|x64.ActiveCfg = Release|Any CPU
		{DBBBBBBB-BBBB-BBBB-BBBB-BBBBBBBBBBBB}.Release|x64.Build.0 = Release|Any CPU
		{DBBBBBBB-BBBB-BBBB-BBBB-BBBBBBBBBBBB}.Release|x86.ActiveCfg = Release|Any CPU
		{DBBBBBBB-BBBB-BBBB-BBBB-BBBBBBBBBBBB}.Release|x86.Build.0 = Release|Any CPU
		{396EC665-9B04-2A91-DE28-D5542D27A0BA}.Debug|x64.ActiveCfg = Debug|Any CPU
		{396EC665-9B04-2A91-DE28-D5542D27A0BA}.Debug|x64.Build.0 = Debug|Any CPU
		{396EC665-9B04-2A91-DE28-D5542D27A0BA}.Debug|x86.ActiveCfg = Debug|Any CPU
		{396EC665-9B04-2A91-DE28-D5542D27A0BA}.Debug|x86.Build.0 = Debug|Any CPU
		{396EC665-9B04-2A91-DE28-D5542D27A0BA}.Release|x64.ActiveCfg = Release|Any CPU
		{396EC665-9B04-2A91-DE28-D5542D27A0BA}.Release|x64.Build.0 = Release|Any CPU
		{396EC665-9B04-2A91-DE28-D5542D27A0BA}.Release|x86.ActiveCfg = Release|Any CPU
		{396EC665-9B04-2A91-DE28-D5542D27A0BA}.Release|x86.Build.0 = Release|Any CPU
		{DDDDDDDD-BDBD-BDBD-BDBD-BDBDBDBDBDBD}.Debug|Any CPU.ActiveCfg = Debug|Any CPU
		{DDDDDDDD-BDBD-BDBD-BDBD-BDBDBDBDBDBD}.Debug|Any CPU.Build.0 = Debug|Any CPU
		{DDDDDDDD-BDBD-BDBD-BDBD-BDBDBDBDBDBD}.Debug|x64.ActiveCfg = Debug|Any CPU
		{DDDDDDDD-BDBD-BDBD-BDBD-BDBDBDBDBDBD}.Debug|x64.Build.0 = Debug|Any CPU
		{DDDDDDDD-BDBD-BDBD-BDBD-BDBDBDBDBDBD}.Debug|x86.ActiveCfg = Debug|Any CPU
		{DDDDDDDD-BDBD-BDBD-BDBD-BDBDBDBDBDBD}.Debug|x86.Build.0 = Debug|Any CPU
		{DDDDDDDD-BDBD-BDBD-BDBD-BDBDBDBDBDBD}.Release|Any CPU.ActiveCfg = Release|Any CPU
		{DDDDDDDD-BDBD-BDBD-BDBD-BDBDBDBDBDBD}.Release|Any CPU.Build.0 = Release|Any CPU
		{DDDDDDDD-BDBD-BDBD-BDBD-BDBDBDBDBDBD}.Release|x64.ActiveCfg = Release|Any CPU
		{DDDDDDDD-BDBD-BDBD-BDBD-BDBDBDBDBDBD}.Release|x64.Build.0 = Release|Any CPU
		{DDDDDDDD-BDBD-BDBD-BDBD-BDBDBDBDBDBD}.Release|x86.ActiveCfg = Release|Any CPU
		{DDDDDDDD-BDBD-BDBD-BDBD-BDBDBDBDBDBD}.Release|x86.Build.0 = Release|Any CPU
		{DEEEEEEE-BEBE-BEBE-BEBE-BEBEBEBEBEBE}.Debug|Any CPU.ActiveCfg = Debug|Any CPU
		{DEEEEEEE-BEBE-BEBE-BEBE-BEBEBEBEBEBE}.Debug|Any CPU.Build.0 = Debug|Any CPU
		{DEEEEEEE-BEBE-BEBE-BEBE-BEBEBEBEBEBE}.Debug|x64.ActiveCfg = Debug|Any CPU
		{DEEEEEEE-BEBE-BEBE-BEBE-BEBEBEBEBEBE}.Debug|x64.Build.0 = Debug|Any CPU
		{DEEEEEEE-BEBE-BEBE-BEBE-BEBEBEBEBEBE}.Debug|x86.ActiveCfg = Debug|Any CPU
		{DEEEEEEE-BEBE-BEBE-BEBE-BEBEBEBEBEBE}.Debug|x86.Build.0 = Debug|Any CPU
		{DEEEEEEE-BEBE-BEBE-BEBE-BEBEBEBEBEBE}.Release|Any CPU.ActiveCfg = Release|Any CPU
		{DEEEEEEE-BEBE-BEBE-BEBE-BEBEBEBEBEBE}.Release|Any CPU.Build.0 = Release|Any CPU
		{DEEEEEEE-BEBE-BEBE-BEBE-BEBEBEBEBEBE}.Release|x64.ActiveCfg = Release|Any CPU
		{DEEEEEEE-BEBE-BEBE-BEBE-BEBEBEBEBEBE}.Release|x64.Build.0 = Release|Any CPU
		{DEEEEEEE-BEBE-BEBE-BEBE-BEBEBEBEBEBE}.Release|x86.ActiveCfg = Release|Any CPU
		{DEEEEEEE-BEBE-BEBE-BEBE-BEBEBEBEBEBE}.Release|x86.Build.0 = Release|Any CPU
		{2201B520-B92C-FDF7-F7E5-9914CD5BEF99}.Debug|x64.ActiveCfg = Debug|Any CPU
		{2201B520-B92C-FDF7-F7E5-9914CD5BEF99}.Debug|x64.Build.0 = Debug|Any CPU
		{2201B520-B92C-FDF7-F7E5-9914CD5BEF99}.Debug|x86.ActiveCfg = Debug|Any CPU
		{2201B520-B92C-FDF7-F7E5-9914CD5BEF99}.Debug|x86.Build.0 = Debug|Any CPU
		{2201B520-B92C-FDF7-F7E5-9914CD5BEF99}.Release|x64.ActiveCfg = Release|Any CPU
		{2201B520-B92C-FDF7-F7E5-9914CD5BEF99}.Release|x64.Build.0 = Release|Any CPU
		{2201B520-B92C-FDF7-F7E5-9914CD5BEF99}.Release|x86.ActiveCfg = Release|Any CPU
		{2201B520-B92C-FDF7-F7E5-9914CD5BEF99}.Release|x86.Build.0 = Release|Any CPU
		{E1111111-C1C1-C1C1-C1C1-C1C1C1C1C1C1}.Debug|Any CPU.ActiveCfg = Debug|Any CPU
		{E1111111-C1C1-C1C1-C1C1-C1C1C1C1C1C1}.Debug|Any CPU.Build.0 = Debug|Any CPU
		{E1111111-C1C1-C1C1-C1C1-C1C1C1C1C1C1}.Debug|x64.ActiveCfg = Debug|Any CPU
		{E1111111-C1C1-C1C1-C1C1-C1C1C1C1C1C1}.Debug|x64.Build.0 = Debug|Any CPU
		{E1111111-C1C1-C1C1-C1C1-C1C1C1C1C1C1}.Debug|x86.ActiveCfg = Debug|Any CPU
		{E1111111-C1C1-C1C1-C1C1-C1C1C1C1C1C1}.Debug|x86.Build.0 = Debug|Any CPU
		{E1111111-C1C1-C1C1-C1C1-C1C1C1C1C1C1}.Release|Any CPU.ActiveCfg = Release|Any CPU
		{E1111111-C1C1-C1C1-C1C1-C1C1C1C1C1C1}.Release|Any CPU.Build.0 = Release|Any CPU
		{E1111111-C1C1-C1C1-C1C1-C1C1C1C1C1C1}.Release|x64.ActiveCfg = Release|Any CPU
		{E1111111-C1C1-C1C1-C1C1-C1C1C1C1C1C1}.Release|x64.Build.0 = Release|Any CPU
		{E1111111-C1C1-C1C1-C1C1-C1C1C1C1C1C1}.Release|x86.ActiveCfg = Release|Any CPU
		{E1111111-C1C1-C1C1-C1C1-C1C1C1C1C1C1}.Release|x86.Build.0 = Release|Any CPU
		{E2222222-C2C2-C2C2-C2C2-C2C2C2C2C2C2}.Debug|Any CPU.ActiveCfg = Debug|Any CPU
		{E2222222-C2C2-C2C2-C2C2-C2C2C2C2C2C2}.Debug|Any CPU.Build.0 = Debug|Any CPU
		{E2222222-C2C2-C2C2-C2C2-C2C2C2C2C2C2}.Debug|x64.ActiveCfg = Debug|Any CPU
		{E2222222-C2C2-C2C2-C2C2-C2C2C2C2C2C2}.Debug|x64.Build.0 = Debug|Any CPU
		{E2222222-C2C2-C2C2-C2C2-C2C2C2C2C2C2}.Debug|x86.ActiveCfg = Debug|Any CPU
		{E2222222-C2C2-C2C2-C2C2-C2C2C2C2C2C2}.Debug|x86.Build.0 = Debug|Any CPU
		{E2222222-C2C2-C2C2-C2C2-C2C2C2C2C2C2}.Release|Any CPU.ActiveCfg = Release|Any CPU
		{E2222222-C2C2-C2C2-C2C2-C2C2C2C2C2C2}.Release|Any CPU.Build.0 = Release|Any CPU
		{E2222222-C2C2-C2C2-C2C2-C2C2C2C2C2C2}.Release|x64.ActiveCfg = Release|Any CPU
		{E2222222-C2C2-C2C2-C2C2-C2C2C2C2C2C2}.Release|x64.Build.0 = Release|Any CPU
		{E2222222-C2C2-C2C2-C2C2-C2C2C2C2C2C2}.Release|x86.ActiveCfg = Release|Any CPU
		{E2222222-C2C2-C2C2-C2C2-C2C2C2C2C2C2}.Release|x86.Build.0 = Release|Any CPU
		{C6B51B5D-5540-4908-B7ED-755F22167773}.Debug|Any CPU.ActiveCfg = Debug|Any CPU
		{C6B51B5D-5540-4908-B7ED-755F22167773}.Debug|Any CPU.Build.0 = Debug|Any CPU
		{C6B51B5D-5540-4908-B7ED-755F22167773}.Debug|x64.ActiveCfg = Debug|Any CPU
		{C6B51B5D-5540-4908-B7ED-755F22167773}.Debug|x64.Build.0 = Debug|Any CPU
		{C6B51B5D-5540-4908-B7ED-755F22167773}.Debug|x86.ActiveCfg = Debug|Any CPU
		{C6B51B5D-5540-4908-B7ED-755F22167773}.Debug|x86.Build.0 = Debug|Any CPU
		{C6B51B5D-5540-4908-B7ED-755F22167773}.Release|Any CPU.ActiveCfg = Release|Any CPU
		{C6B51B5D-5540-4908-B7ED-755F22167773}.Release|Any CPU.Build.0 = Release|Any CPU
		{C6B51B5D-5540-4908-B7ED-755F22167773}.Release|x64.ActiveCfg = Release|Any CPU
		{C6B51B5D-5540-4908-B7ED-755F22167773}.Release|x64.Build.0 = Release|Any CPU
		{C6B51B5D-5540-4908-B7ED-755F22167773}.Release|x86.ActiveCfg = Release|Any CPU
		{C6B51B5D-5540-4908-B7ED-755F22167773}.Release|x86.Build.0 = Release|Any CPU
		{EA62A169-2BF5-40FA-825C-65D34A09B82E}.Debug|Any CPU.ActiveCfg = Debug|Any CPU
		{EA62A169-2BF5-40FA-825C-65D34A09B82E}.Debug|Any CPU.Build.0 = Debug|Any CPU
		{EA62A169-2BF5-40FA-825C-65D34A09B82E}.Debug|x64.ActiveCfg = Debug|Any CPU
		{EA62A169-2BF5-40FA-825C-65D34A09B82E}.Debug|x64.Build.0 = Debug|Any CPU
		{EA62A169-2BF5-40FA-825C-65D34A09B82E}.Debug|x86.ActiveCfg = Debug|Any CPU
		{EA62A169-2BF5-40FA-825C-65D34A09B82E}.Debug|x86.Build.0 = Debug|Any CPU
		{EA62A169-2BF5-40FA-825C-65D34A09B82E}.Release|Any CPU.ActiveCfg = Release|Any CPU
		{EA62A169-2BF5-40FA-825C-65D34A09B82E}.Release|Any CPU.Build.0 = Release|Any CPU
		{EA62A169-2BF5-40FA-825C-65D34A09B82E}.Release|x64.ActiveCfg = Release|Any CPU
		{EA62A169-2BF5-40FA-825C-65D34A09B82E}.Release|x64.Build.0 = Release|Any CPU
		{EA62A169-2BF5-40FA-825C-65D34A09B82E}.Release|x86.ActiveCfg = Release|Any CPU
		{EA62A169-2BF5-40FA-825C-65D34A09B82E}.Release|x86.Build.0 = Release|Any CPU
		{F803A253-8B69-4056-B9F8-5C2142AE2E59}.Debug|Any CPU.ActiveCfg = Debug|Any CPU
		{F803A253-8B69-4056-B9F8-5C2142AE2E59}.Debug|Any CPU.Build.0 = Debug|Any CPU
		{F803A253-8B69-4056-B9F8-5C2142AE2E59}.Debug|x64.ActiveCfg = Debug|Any CPU
		{F803A253-8B69-4056-B9F8-5C2142AE2E59}.Debug|x64.Build.0 = Debug|Any CPU
		{F803A253-8B69-4056-B9F8-5C2142AE2E59}.Debug|x86.ActiveCfg = Debug|Any CPU
		{F803A253-8B69-4056-B9F8-5C2142AE2E59}.Debug|x86.Build.0 = Debug|Any CPU
		{F803A253-8B69-4056-B9F8-5C2142AE2E59}.Release|Any CPU.ActiveCfg = Release|Any CPU
		{F803A253-8B69-4056-B9F8-5C2142AE2E59}.Release|Any CPU.Build.0 = Release|Any CPU
		{F803A253-8B69-4056-B9F8-5C2142AE2E59}.Release|x64.ActiveCfg = Release|Any CPU
		{F803A253-8B69-4056-B9F8-5C2142AE2E59}.Release|x64.Build.0 = Release|Any CPU
		{F803A253-8B69-4056-B9F8-5C2142AE2E59}.Release|x86.ActiveCfg = Release|Any CPU
		{F803A253-8B69-4056-B9F8-5C2142AE2E59}.Release|x86.Build.0 = Release|Any CPU
		{C493A239-30A8-43AE-9540-1B9E1C52255C}.Debug|Any CPU.ActiveCfg = Debug|Any CPU
		{C493A239-30A8-43AE-9540-1B9E1C52255C}.Debug|Any CPU.Build.0 = Debug|Any CPU
		{C493A239-30A8-43AE-9540-1B9E1C52255C}.Debug|x64.ActiveCfg = Debug|Any CPU
		{C493A239-30A8-43AE-9540-1B9E1C52255C}.Debug|x64.Build.0 = Debug|Any CPU
		{C493A239-30A8-43AE-9540-1B9E1C52255C}.Debug|x86.ActiveCfg = Debug|Any CPU
		{C493A239-30A8-43AE-9540-1B9E1C52255C}.Debug|x86.Build.0 = Debug|Any CPU
		{C493A239-30A8-43AE-9540-1B9E1C52255C}.Release|Any CPU.ActiveCfg = Release|Any CPU
		{C493A239-30A8-43AE-9540-1B9E1C52255C}.Release|Any CPU.Build.0 = Release|Any CPU
		{C493A239-30A8-43AE-9540-1B9E1C52255C}.Release|x64.ActiveCfg = Release|Any CPU
		{C493A239-30A8-43AE-9540-1B9E1C52255C}.Release|x64.Build.0 = Release|Any CPU
		{C493A239-30A8-43AE-9540-1B9E1C52255C}.Release|x86.ActiveCfg = Release|Any CPU
		{C493A239-30A8-43AE-9540-1B9E1C52255C}.Release|x86.Build.0 = Release|Any CPU
		{BABD7647-12B4-44E0-AB35-54C81E02D1B4}.Debug|Any CPU.ActiveCfg = Debug|Any CPU
		{BABD7647-12B4-44E0-AB35-54C81E02D1B4}.Debug|Any CPU.Build.0 = Debug|Any CPU
		{BABD7647-12B4-44E0-AB35-54C81E02D1B4}.Debug|x64.ActiveCfg = Debug|Any CPU
		{BABD7647-12B4-44E0-AB35-54C81E02D1B4}.Debug|x64.Build.0 = Debug|Any CPU
		{BABD7647-12B4-44E0-AB35-54C81E02D1B4}.Debug|x86.ActiveCfg = Debug|Any CPU
		{BABD7647-12B4-44E0-AB35-54C81E02D1B4}.Debug|x86.Build.0 = Debug|Any CPU
		{BABD7647-12B4-44E0-AB35-54C81E02D1B4}.Release|Any CPU.ActiveCfg = Release|Any CPU
		{BABD7647-12B4-44E0-AB35-54C81E02D1B4}.Release|Any CPU.Build.0 = Release|Any CPU
		{BABD7647-12B4-44E0-AB35-54C81E02D1B4}.Release|x64.ActiveCfg = Release|Any CPU
		{BABD7647-12B4-44E0-AB35-54C81E02D1B4}.Release|x64.Build.0 = Release|Any CPU
		{BABD7647-12B4-44E0-AB35-54C81E02D1B4}.Release|x86.ActiveCfg = Release|Any CPU
		{BABD7647-12B4-44E0-AB35-54C81E02D1B4}.Release|x86.Build.0 = Release|Any CPU
		{5A3A8757-87FA-4AE7-A26D-63268E6D6FA3}.Debug|Any CPU.ActiveCfg = Debug|Any CPU
		{5A3A8757-87FA-4AE7-A26D-63268E6D6FA3}.Debug|Any CPU.Build.0 = Debug|Any CPU
		{5A3A8757-87FA-4AE7-A26D-63268E6D6FA3}.Debug|x64.ActiveCfg = Debug|Any CPU
		{5A3A8757-87FA-4AE7-A26D-63268E6D6FA3}.Debug|x64.Build.0 = Debug|Any CPU
		{5A3A8757-87FA-4AE7-A26D-63268E6D6FA3}.Debug|x86.ActiveCfg = Debug|Any CPU
		{5A3A8757-87FA-4AE7-A26D-63268E6D6FA3}.Debug|x86.Build.0 = Debug|Any CPU
		{5A3A8757-87FA-4AE7-A26D-63268E6D6FA3}.Release|Any CPU.ActiveCfg = Release|Any CPU
		{5A3A8757-87FA-4AE7-A26D-63268E6D6FA3}.Release|Any CPU.Build.0 = Release|Any CPU
		{5A3A8757-87FA-4AE7-A26D-63268E6D6FA3}.Release|x64.ActiveCfg = Release|Any CPU
		{5A3A8757-87FA-4AE7-A26D-63268E6D6FA3}.Release|x64.Build.0 = Release|Any CPU
		{5A3A8757-87FA-4AE7-A26D-63268E6D6FA3}.Release|x86.ActiveCfg = Release|Any CPU
		{5A3A8757-87FA-4AE7-A26D-63268E6D6FA3}.Release|x86.Build.0 = Release|Any CPU
		{30303174-68D6-4924-8CD8-AB2A17DEC194}.Debug|Any CPU.ActiveCfg = Debug|Any CPU
		{30303174-68D6-4924-8CD8-AB2A17DEC194}.Debug|Any CPU.Build.0 = Debug|Any CPU
		{30303174-68D6-4924-8CD8-AB2A17DEC194}.Debug|x64.ActiveCfg = Debug|Any CPU
		{30303174-68D6-4924-8CD8-AB2A17DEC194}.Debug|x64.Build.0 = Debug|Any CPU
		{30303174-68D6-4924-8CD8-AB2A17DEC194}.Debug|x86.ActiveCfg = Debug|Any CPU
		{30303174-68D6-4924-8CD8-AB2A17DEC194}.Debug|x86.Build.0 = Debug|Any CPU
		{30303174-68D6-4924-8CD8-AB2A17DEC194}.Release|Any CPU.ActiveCfg = Release|Any CPU
		{30303174-68D6-4924-8CD8-AB2A17DEC194}.Release|Any CPU.Build.0 = Release|Any CPU
		{30303174-68D6-4924-8CD8-AB2A17DEC194}.Release|x64.ActiveCfg = Release|Any CPU
		{30303174-68D6-4924-8CD8-AB2A17DEC194}.Release|x64.Build.0 = Release|Any CPU
		{30303174-68D6-4924-8CD8-AB2A17DEC194}.Release|x86.ActiveCfg = Release|Any CPU
		{30303174-68D6-4924-8CD8-AB2A17DEC194}.Release|x86.Build.0 = Release|Any CPU
		{CBB743A7-77C8-411E-9605-0D71A3E30700}.Debug|Any CPU.ActiveCfg = Debug|Any CPU
		{CBB743A7-77C8-411E-9605-0D71A3E30700}.Debug|Any CPU.Build.0 = Debug|Any CPU
		{CBB743A7-77C8-411E-9605-0D71A3E30700}.Debug|x64.ActiveCfg = Debug|Any CPU
		{CBB743A7-77C8-411E-9605-0D71A3E30700}.Debug|x64.Build.0 = Debug|Any CPU
		{CBB743A7-77C8-411E-9605-0D71A3E30700}.Debug|x86.ActiveCfg = Debug|Any CPU
		{CBB743A7-77C8-411E-9605-0D71A3E30700}.Debug|x86.Build.0 = Debug|Any CPU
		{CBB743A7-77C8-411E-9605-0D71A3E30700}.Release|Any CPU.ActiveCfg = Release|Any CPU
		{CBB743A7-77C8-411E-9605-0D71A3E30700}.Release|Any CPU.Build.0 = Release|Any CPU
		{CBB743A7-77C8-411E-9605-0D71A3E30700}.Release|x64.ActiveCfg = Release|Any CPU
		{CBB743A7-77C8-411E-9605-0D71A3E30700}.Release|x64.Build.0 = Release|Any CPU
		{CBB743A7-77C8-411E-9605-0D71A3E30700}.Release|x86.ActiveCfg = Release|Any CPU
		{CBB743A7-77C8-411E-9605-0D71A3E30700}.Release|x86.Build.0 = Release|Any CPU
		{0CC19231-5E8A-4ED4-BFDB-EE496B8AA1E2}.Debug|Any CPU.ActiveCfg = Debug|Any CPU
		{0CC19231-5E8A-4ED4-BFDB-EE496B8AA1E2}.Debug|Any CPU.Build.0 = Debug|Any CPU
		{0CC19231-5E8A-4ED4-BFDB-EE496B8AA1E2}.Debug|x64.ActiveCfg = Debug|Any CPU
		{0CC19231-5E8A-4ED4-BFDB-EE496B8AA1E2}.Debug|x64.Build.0 = Debug|Any CPU
		{0CC19231-5E8A-4ED4-BFDB-EE496B8AA1E2}.Debug|x86.ActiveCfg = Debug|Any CPU
		{0CC19231-5E8A-4ED4-BFDB-EE496B8AA1E2}.Debug|x86.Build.0 = Debug|Any CPU
		{0CC19231-5E8A-4ED4-BFDB-EE496B8AA1E2}.Release|Any CPU.ActiveCfg = Release|Any CPU
		{0CC19231-5E8A-4ED4-BFDB-EE496B8AA1E2}.Release|Any CPU.Build.0 = Release|Any CPU
		{0CC19231-5E8A-4ED4-BFDB-EE496B8AA1E2}.Release|x64.ActiveCfg = Release|Any CPU
		{0CC19231-5E8A-4ED4-BFDB-EE496B8AA1E2}.Release|x64.Build.0 = Release|Any CPU
		{0CC19231-5E8A-4ED4-BFDB-EE496B8AA1E2}.Release|x86.ActiveCfg = Release|Any CPU
		{0CC19231-5E8A-4ED4-BFDB-EE496B8AA1E2}.Release|x86.Build.0 = Release|Any CPU
		{5FD7BA6B-E575-4C60-AEBD-AE13D088947D}.Debug|Any CPU.ActiveCfg = Debug|Any CPU
		{5FD7BA6B-E575-4C60-AEBD-AE13D088947D}.Debug|Any CPU.Build.0 = Debug|Any CPU
		{5FD7BA6B-E575-4C60-AEBD-AE13D088947D}.Debug|x64.ActiveCfg = Debug|Any CPU
		{5FD7BA6B-E575-4C60-AEBD-AE13D088947D}.Debug|x64.Build.0 = Debug|Any CPU
		{5FD7BA6B-E575-4C60-AEBD-AE13D088947D}.Debug|x86.ActiveCfg = Debug|Any CPU
		{5FD7BA6B-E575-4C60-AEBD-AE13D088947D}.Debug|x86.Build.0 = Debug|Any CPU
		{5FD7BA6B-E575-4C60-AEBD-AE13D088947D}.Release|Any CPU.ActiveCfg = Release|Any CPU
		{5FD7BA6B-E575-4C60-AEBD-AE13D088947D}.Release|Any CPU.Build.0 = Release|Any CPU
		{5FD7BA6B-E575-4C60-AEBD-AE13D088947D}.Release|x64.ActiveCfg = Release|Any CPU
		{5FD7BA6B-E575-4C60-AEBD-AE13D088947D}.Release|x64.Build.0 = Release|Any CPU
		{5FD7BA6B-E575-4C60-AEBD-AE13D088947D}.Release|x86.ActiveCfg = Release|Any CPU
		{5FD7BA6B-E575-4C60-AEBD-AE13D088947D}.Release|x86.Build.0 = Release|Any CPU
		{A85F07C8-2531-43D0-BDDA-893DD49D75CD}.Debug|Any CPU.ActiveCfg = Debug|Any CPU
		{A85F07C8-2531-43D0-BDDA-893DD49D75CD}.Debug|Any CPU.Build.0 = Debug|Any CPU
		{A85F07C8-2531-43D0-BDDA-893DD49D75CD}.Debug|x64.ActiveCfg = Debug|Any CPU
		{A85F07C8-2531-43D0-BDDA-893DD49D75CD}.Debug|x64.Build.0 = Debug|Any CPU
		{A85F07C8-2531-43D0-BDDA-893DD49D75CD}.Debug|x86.ActiveCfg = Debug|Any CPU
		{A85F07C8-2531-43D0-BDDA-893DD49D75CD}.Debug|x86.Build.0 = Debug|Any CPU
		{A85F07C8-2531-43D0-BDDA-893DD49D75CD}.Release|Any CPU.ActiveCfg = Release|Any CPU
		{A85F07C8-2531-43D0-BDDA-893DD49D75CD}.Release|Any CPU.Build.0 = Release|Any CPU
		{A85F07C8-2531-43D0-BDDA-893DD49D75CD}.Release|x64.ActiveCfg = Release|Any CPU
		{A85F07C8-2531-43D0-BDDA-893DD49D75CD}.Release|x64.Build.0 = Release|Any CPU
		{A85F07C8-2531-43D0-BDDA-893DD49D75CD}.Release|x86.ActiveCfg = Release|Any CPU
		{A85F07C8-2531-43D0-BDDA-893DD49D75CD}.Release|x86.Build.0 = Release|Any CPU
		{E680718E-B1CB-46DF-99F2-7A589C925B47}.Debug|Any CPU.ActiveCfg = Debug|Any CPU
		{E680718E-B1CB-46DF-99F2-7A589C925B47}.Debug|Any CPU.Build.0 = Debug|Any CPU
		{E680718E-B1CB-46DF-99F2-7A589C925B47}.Debug|x64.ActiveCfg = Debug|Any CPU
		{E680718E-B1CB-46DF-99F2-7A589C925B47}.Debug|x64.Build.0 = Debug|Any CPU
		{E680718E-B1CB-46DF-99F2-7A589C925B47}.Debug|x86.ActiveCfg = Debug|Any CPU
		{E680718E-B1CB-46DF-99F2-7A589C925B47}.Debug|x86.Build.0 = Debug|Any CPU
		{E680718E-B1CB-46DF-99F2-7A589C925B47}.Release|Any CPU.ActiveCfg = Release|Any CPU
		{E680718E-B1CB-46DF-99F2-7A589C925B47}.Release|Any CPU.Build.0 = Release|Any CPU
		{E680718E-B1CB-46DF-99F2-7A589C925B47}.Release|x64.ActiveCfg = Release|Any CPU
		{E680718E-B1CB-46DF-99F2-7A589C925B47}.Release|x64.Build.0 = Release|Any CPU
		{E680718E-B1CB-46DF-99F2-7A589C925B47}.Release|x86.ActiveCfg = Release|Any CPU
		{E680718E-B1CB-46DF-99F2-7A589C925B47}.Release|x86.Build.0 = Release|Any CPU
		{9E804098-A515-43FE-B11E-757F2FD6FCC8}.Debug|Any CPU.ActiveCfg = Debug|Any CPU
		{9E804098-A515-43FE-B11E-757F2FD6FCC8}.Debug|Any CPU.Build.0 = Debug|Any CPU
		{9E804098-A515-43FE-B11E-757F2FD6FCC8}.Debug|x64.ActiveCfg = Debug|Any CPU
		{9E804098-A515-43FE-B11E-757F2FD6FCC8}.Debug|x64.Build.0 = Debug|Any CPU
		{9E804098-A515-43FE-B11E-757F2FD6FCC8}.Debug|x86.ActiveCfg = Debug|Any CPU
		{9E804098-A515-43FE-B11E-757F2FD6FCC8}.Debug|x86.Build.0 = Debug|Any CPU
		{9E804098-A515-43FE-B11E-757F2FD6FCC8}.Release|Any CPU.ActiveCfg = Release|Any CPU
		{9E804098-A515-43FE-B11E-757F2FD6FCC8}.Release|Any CPU.Build.0 = Release|Any CPU
		{9E804098-A515-43FE-B11E-757F2FD6FCC8}.Release|x64.ActiveCfg = Release|Any CPU
		{9E804098-A515-43FE-B11E-757F2FD6FCC8}.Release|x64.Build.0 = Release|Any CPU
		{9E804098-A515-43FE-B11E-757F2FD6FCC8}.Release|x86.ActiveCfg = Release|Any CPU
		{9E804098-A515-43FE-B11E-757F2FD6FCC8}.Release|x86.Build.0 = Release|Any CPU
		{351B8425-0126-456D-BA9B-50CE838F37A9}.Debug|Any CPU.ActiveCfg = Debug|Any CPU
		{351B8425-0126-456D-BA9B-50CE838F37A9}.Debug|Any CPU.Build.0 = Debug|Any CPU
		{351B8425-0126-456D-BA9B-50CE838F37A9}.Debug|x64.ActiveCfg = Debug|Any CPU
		{351B8425-0126-456D-BA9B-50CE838F37A9}.Debug|x64.Build.0 = Debug|Any CPU
		{351B8425-0126-456D-BA9B-50CE838F37A9}.Debug|x86.ActiveCfg = Debug|Any CPU
		{351B8425-0126-456D-BA9B-50CE838F37A9}.Debug|x86.Build.0 = Debug|Any CPU
		{351B8425-0126-456D-BA9B-50CE838F37A9}.Release|Any CPU.ActiveCfg = Release|Any CPU
		{351B8425-0126-456D-BA9B-50CE838F37A9}.Release|Any CPU.Build.0 = Release|Any CPU
		{351B8425-0126-456D-BA9B-50CE838F37A9}.Release|x64.ActiveCfg = Release|Any CPU
		{351B8425-0126-456D-BA9B-50CE838F37A9}.Release|x64.Build.0 = Release|Any CPU
		{351B8425-0126-456D-BA9B-50CE838F37A9}.Release|x86.ActiveCfg = Release|Any CPU
		{351B8425-0126-456D-BA9B-50CE838F37A9}.Release|x86.Build.0 = Release|Any CPU
		{2F8AE534-1AAB-4C7B-9348-3525BBB09394}.Debug|Any CPU.ActiveCfg = Debug|Any CPU
		{2F8AE534-1AAB-4C7B-9348-3525BBB09394}.Debug|Any CPU.Build.0 = Debug|Any CPU
		{2F8AE534-1AAB-4C7B-9348-3525BBB09394}.Debug|x64.ActiveCfg = Debug|Any CPU
		{2F8AE534-1AAB-4C7B-9348-3525BBB09394}.Debug|x64.Build.0 = Debug|Any CPU
		{2F8AE534-1AAB-4C7B-9348-3525BBB09394}.Debug|x86.ActiveCfg = Debug|Any CPU
		{2F8AE534-1AAB-4C7B-9348-3525BBB09394}.Debug|x86.Build.0 = Debug|Any CPU
		{2F8AE534-1AAB-4C7B-9348-3525BBB09394}.Release|Any CPU.ActiveCfg = Release|Any CPU
		{2F8AE534-1AAB-4C7B-9348-3525BBB09394}.Release|Any CPU.Build.0 = Release|Any CPU
		{2F8AE534-1AAB-4C7B-9348-3525BBB09394}.Release|x64.ActiveCfg = Release|Any CPU
		{2F8AE534-1AAB-4C7B-9348-3525BBB09394}.Release|x64.Build.0 = Release|Any CPU
		{2F8AE534-1AAB-4C7B-9348-3525BBB09394}.Release|x86.ActiveCfg = Release|Any CPU
		{2F8AE534-1AAB-4C7B-9348-3525BBB09394}.Release|x86.Build.0 = Release|Any CPU
		{16000002-0000-0000-0000-000000000001}.Debug|Any CPU.ActiveCfg = Debug|Any CPU
		{16000002-0000-0000-0000-000000000001}.Debug|Any CPU.Build.0 = Debug|Any CPU
		{16000002-0000-0000-0000-000000000001}.Debug|x64.ActiveCfg = Debug|Any CPU
		{16000002-0000-0000-0000-000000000001}.Debug|x64.Build.0 = Debug|Any CPU
		{16000002-0000-0000-0000-000000000001}.Debug|x86.ActiveCfg = Debug|Any CPU
		{16000002-0000-0000-0000-000000000001}.Debug|x86.Build.0 = Debug|Any CPU
		{16000002-0000-0000-0000-000000000001}.Release|Any CPU.ActiveCfg = Release|Any CPU
		{16000002-0000-0000-0000-000000000001}.Release|Any CPU.Build.0 = Release|Any CPU
		{16000002-0000-0000-0000-000000000001}.Release|x64.ActiveCfg = Release|Any CPU
		{16000002-0000-0000-0000-000000000001}.Release|x64.Build.0 = Release|Any CPU
		{16000002-0000-0000-0000-000000000001}.Release|x86.ActiveCfg = Release|Any CPU
		{16000002-0000-0000-0000-000000000001}.Release|x86.Build.0 = Release|Any CPU
		{17000002-0000-0000-0000-000000000001}.Debug|Any CPU.ActiveCfg = Debug|Any CPU
		{17000002-0000-0000-0000-000000000001}.Debug|Any CPU.Build.0 = Debug|Any CPU
		{17000002-0000-0000-0000-000000000001}.Debug|x64.ActiveCfg = Debug|Any CPU
		{17000002-0000-0000-0000-000000000001}.Debug|x64.Build.0 = Debug|Any CPU
		{17000002-0000-0000-0000-000000000001}.Debug|x86.ActiveCfg = Debug|Any CPU
		{17000002-0000-0000-0000-000000000001}.Debug|x86.Build.0 = Debug|Any CPU
		{17000002-0000-0000-0000-000000000001}.Release|Any CPU.ActiveCfg = Release|Any CPU
		{17000002-0000-0000-0000-000000000001}.Release|Any CPU.Build.0 = Release|Any CPU
		{17000002-0000-0000-0000-000000000001}.Release|x64.ActiveCfg = Release|Any CPU
		{17000002-0000-0000-0000-000000000001}.Release|x64.Build.0 = Release|Any CPU
		{17000002-0000-0000-0000-000000000001}.Release|x86.ActiveCfg = Release|Any CPU
		{17000002-0000-0000-0000-000000000001}.Release|x86.Build.0 = Release|Any CPU
		{18000002-0000-0000-0000-000000000001}.Debug|Any CPU.ActiveCfg = Debug|Any CPU
		{18000002-0000-0000-0000-000000000001}.Debug|Any CPU.Build.0 = Debug|Any CPU
		{18000002-0000-0000-0000-000000000001}.Debug|x64.ActiveCfg = Debug|Any CPU
		{18000002-0000-0000-0000-000000000001}.Debug|x64.Build.0 = Debug|Any CPU
		{18000002-0000-0000-0000-000000000001}.Debug|x86.ActiveCfg = Debug|Any CPU
		{18000002-0000-0000-0000-000000000001}.Debug|x86.Build.0 = Debug|Any CPU
		{18000002-0000-0000-0000-000000000001}.Release|Any CPU.ActiveCfg = Release|Any CPU
		{18000002-0000-0000-0000-000000000001}.Release|Any CPU.Build.0 = Release|Any CPU
		{18000002-0000-0000-0000-000000000001}.Release|x64.ActiveCfg = Release|Any CPU
		{18000002-0000-0000-0000-000000000001}.Release|x64.Build.0 = Release|Any CPU
		{18000002-0000-0000-0000-000000000001}.Release|x86.ActiveCfg = Release|Any CPU
		{18000002-0000-0000-0000-000000000001}.Release|x86.Build.0 = Release|Any CPU
		{19000002-0000-0000-0000-000000000001}.Debug|Any CPU.ActiveCfg = Debug|Any CPU
		{19000002-0000-0000-0000-000000000001}.Debug|Any CPU.Build.0 = Debug|Any CPU
		{19000002-0000-0000-0000-000000000001}.Debug|x64.ActiveCfg = Debug|Any CPU
		{19000002-0000-0000-0000-000000000001}.Debug|x64.Build.0 = Debug|Any CPU
		{19000002-0000-0000-0000-000000000001}.Debug|x86.ActiveCfg = Debug|Any CPU
		{19000002-0000-0000-0000-000000000001}.Debug|x86.Build.0 = Debug|Any CPU
		{19000002-0000-0000-0000-000000000001}.Release|Any CPU.ActiveCfg = Release|Any CPU
		{19000002-0000-0000-0000-000000000001}.Release|Any CPU.Build.0 = Release|Any CPU
		{19000002-0000-0000-0000-000000000001}.Release|x64.ActiveCfg = Release|Any CPU
		{19000002-0000-0000-0000-000000000001}.Release|x64.Build.0 = Release|Any CPU
		{19000002-0000-0000-0000-000000000001}.Release|x86.ActiveCfg = Release|Any CPU
		{19000002-0000-0000-0000-000000000001}.Release|x86.Build.0 = Release|Any CPU
		{20000002-0000-0000-0000-000000000001}.Debug|Any CPU.ActiveCfg = Debug|Any CPU
		{20000002-0000-0000-0000-000000000001}.Debug|Any CPU.Build.0 = Debug|Any CPU
		{20000002-0000-0000-0000-000000000001}.Debug|x64.ActiveCfg = Debug|Any CPU
		{20000002-0000-0000-0000-000000000001}.Debug|x64.Build.0 = Debug|Any CPU
		{20000002-0000-0000-0000-000000000001}.Debug|x86.ActiveCfg = Debug|Any CPU
		{20000002-0000-0000-0000-000000000001}.Debug|x86.Build.0 = Debug|Any CPU
		{20000002-0000-0000-0000-000000000001}.Release|Any CPU.ActiveCfg = Release|Any CPU
		{20000002-0000-0000-0000-000000000001}.Release|Any CPU.Build.0 = Release|Any CPU
		{20000002-0000-0000-0000-000000000001}.Release|x64.ActiveCfg = Release|Any CPU
		{20000002-0000-0000-0000-000000000001}.Release|x64.Build.0 = Release|Any CPU
		{20000002-0000-0000-0000-000000000001}.Release|x86.ActiveCfg = Release|Any CPU
		{20000002-0000-0000-0000-000000000001}.Release|x86.Build.0 = Release|Any CPU
		{21000002-0000-0000-0000-000000000001}.Debug|Any CPU.ActiveCfg = Debug|Any CPU
		{21000002-0000-0000-0000-000000000001}.Debug|Any CPU.Build.0 = Debug|Any CPU
		{21000002-0000-0000-0000-000000000001}.Debug|x64.ActiveCfg = Debug|Any CPU
		{21000002-0000-0000-0000-000000000001}.Debug|x64.Build.0 = Debug|Any CPU
		{21000002-0000-0000-0000-000000000001}.Debug|x86.ActiveCfg = Debug|Any CPU
		{21000002-0000-0000-0000-000000000001}.Debug|x86.Build.0 = Debug|Any CPU
		{21000002-0000-0000-0000-000000000001}.Release|Any CPU.ActiveCfg = Release|Any CPU
		{21000002-0000-0000-0000-000000000001}.Release|Any CPU.Build.0 = Release|Any CPU
		{21000002-0000-0000-0000-000000000001}.Release|x64.ActiveCfg = Release|Any CPU
		{21000002-0000-0000-0000-000000000001}.Release|x64.Build.0 = Release|Any CPU
		{21000002-0000-0000-0000-000000000001}.Release|x86.ActiveCfg = Release|Any CPU
		{21000002-0000-0000-0000-000000000001}.Release|x86.Build.0 = Release|Any CPU
		{FE245F8E-5243-41BC-BC95-BC016A6D77FD}.Debug|Any CPU.ActiveCfg = Debug|Any CPU
		{FE245F8E-5243-41BC-BC95-BC016A6D77FD}.Debug|Any CPU.Build.0 = Debug|Any CPU
		{FE245F8E-5243-41BC-BC95-BC016A6D77FD}.Debug|x64.ActiveCfg = Debug|Any CPU
		{FE245F8E-5243-41BC-BC95-BC016A6D77FD}.Debug|x64.Build.0 = Debug|Any CPU
		{FE245F8E-5243-41BC-BC95-BC016A6D77FD}.Debug|x86.ActiveCfg = Debug|Any CPU
		{FE245F8E-5243-41BC-BC95-BC016A6D77FD}.Debug|x86.Build.0 = Debug|Any CPU
		{FE245F8E-5243-41BC-BC95-BC016A6D77FD}.Release|Any CPU.ActiveCfg = Release|Any CPU
		{FE245F8E-5243-41BC-BC95-BC016A6D77FD}.Release|Any CPU.Build.0 = Release|Any CPU
		{FE245F8E-5243-41BC-BC95-BC016A6D77FD}.Release|x64.ActiveCfg = Release|Any CPU
		{FE245F8E-5243-41BC-BC95-BC016A6D77FD}.Release|x64.Build.0 = Release|Any CPU
		{FE245F8E-5243-41BC-BC95-BC016A6D77FD}.Release|x86.ActiveCfg = Release|Any CPU
		{FE245F8E-5243-41BC-BC95-BC016A6D77FD}.Release|x86.Build.0 = Release|Any CPU
	EndGlobalSection
	GlobalSection(SolutionProperties) = preSolution
		HideSolutionNode = FALSE
	EndGlobalSection
	GlobalSection(NestedProjects) = preSolution
		{C6B51B5D-5540-4908-B7ED-755F22167773} = {1C2F5DEA-DBCE-59B4-CC25-DF1968A88792}
		{EA62A169-2BF5-40FA-825C-65D34A09B82E} = {1C2F5DEA-DBCE-59B4-CC25-DF1968A88792}
		{F803A253-8B69-4056-B9F8-5C2142AE2E59} = {88674C6D-6EEA-630F-0369-81CE1079CC82}
		{CE87172C-8BE4-4519-8FDA-836FB18AB638} = {3B00D070-00CF-FB88-A2DB-5F25B522551B}
		{BABD7647-12B4-44E0-AB35-54C81E02D1B4} = {CE87172C-8BE4-4519-8FDA-836FB18AB638}
		{5A3A8757-87FA-4AE7-A26D-63268E6D6FA3} = {3B00D070-00CF-FB88-A2DB-5F25B522551B}
		{30303174-68D6-4924-8CD8-AB2A17DEC194} = {3B00D070-00CF-FB88-A2DB-5F25B522551B}
		{CBB743A7-77C8-411E-9605-0D71A3E30700} = {3B00D070-00CF-FB88-A2DB-5F25B522551B}
		{5D9D2E24-21F3-F4CA-1451-953E5CE9F08D} = {3B00D070-00CF-FB88-A2DB-5F25B522551B}
		{0CC19231-5E8A-4ED4-BFDB-EE496B8AA1E2} = {5D9D2E24-21F3-F4CA-1451-953E5CE9F08D}
		{9EE50110-40E4-4172-A90F-CFDCF02DF66D} = {3B00D070-00CF-FB88-A2DB-5F25B522551B}
		{5FD7BA6B-E575-4C60-AEBD-AE13D088947D} = {9EE50110-40E4-4172-A90F-CFDCF02DF66D}
		{5496C771-B3DC-F9E1-B0C7-A40D7FEF5D5C} = {3B00D070-00CF-FB88-A2DB-5F25B522551B}
		{A85F07C8-2531-43D0-BDDA-893DD49D75CD} = {5496C771-B3DC-F9E1-B0C7-A40D7FEF5D5C}
		{722BEA50-DADE-85F8-F80C-EF069D625C4F} = {3B00D070-00CF-FB88-A2DB-5F25B522551B}
		{E680718E-B1CB-46DF-99F2-7A589C925B47} = {722BEA50-DADE-85F8-F80C-EF069D625C4F}
		{565B8EDB-B7F7-9B84-21A0-7A46746FDEEC} = {3B00D070-00CF-FB88-A2DB-5F25B522551B}
		{9E804098-A515-43FE-B11E-757F2FD6FCC8} = {565B8EDB-B7F7-9B84-21A0-7A46746FDEEC}
		{351B8425-0126-456D-BA9B-50CE838F37A9} = {3B00D070-00CF-FB88-A2DB-5F25B522551B}
		{2F8AE534-1AAB-4C7B-9348-3525BBB09394} = {3B00D070-00CF-FB88-A2DB-5F25B522551B}
		{FE245F8E-5243-41BC-BC95-BC016A6D77FD} = {11FA24F5-127C-1CB9-FBBC-3C64D01D6A42}
	EndGlobalSection
	GlobalSection(ExtensibilityGlobals) = postSolution
		SolutionGuid = {D5B557D2-F795-4348-B9E5-9AE601BA78AD}
	EndGlobalSection
EndGlobal
